{
  "version": 4,
  "terraform_version": "1.13.4",
  "serial": 366,
  "lineage": "fc2e9de3-9035-de57-2818-7fc5915ff96e",
  "outputs": {
    "agent_arns": {
      "value": {
        "charter": "arn:aws:bedrock-agentcore:us-east-1:717174128108:runtime/charter-JW94XR3Ogj",
        "planner": "arn:aws:bedrock-agentcore:us-east-1:717174128108:runtime/planner-DdsDWKGyVv",
        "reporter": "arn:aws:bedrock-agentcore:us-east-1:717174128108:runtime/reporter-SkpkeM5F7F",
        "retirement": "arn:aws:bedrock-agentcore:us-east-1:717174128108:runtime/retirement-jgkfdn9qTM",
        "tagger": "arn:aws:bedrock-agentcore:us-east-1:717174128108:runtime/tagger-J3PeYREyWZ"
      },
      "type": [
        "object",
        {
          "charter": "string",
          "planner": "string",
          "reporter": "string",
          "retirement": "string",
          "tagger": "string"
        }
      ],
      "sensitive": true
    },
    "agent_iam_role_arn": {
      "value": "arn:aws:iam::717174128108:role/alex-lambda-agents-role",
      "type": "string",
      "sensitive": true
    },
    "setup_instructions": {
      "value": "    \n✅ Agent infrastructure deployed successfully!\n    \nAgentCore Agents:\n# - Planner (Orchestrator)\n# - Tagger:\n# - Reporter\n# - Charter\n# - Retirement\n    \nSQS Queue: alex-analysis-jobs\n    \nTo test the system:\n1. The agents are deployed using OpenAI Agents SDK with AWS Bedrock AgentCore\n2. Run the full integration test:\n   cd backend\n   uv run test_full.py\n    \n3. Monitor agent performance in AWS Console:\n   - Bedrock AgentCore console for agent status\n   - CloudWatch Logs for agent execution logs\n   - SSM Parameter Store for agent ARNs\n    \nNote: Agents are deployed as AgentCore endpoints, not Lambda functions.\nThey can be invoked directly or through the SQS orchestration system.\n    \n",
      "type": "string"
    },
    "sqs_queue_arn": {
      "value": "arn:aws:sqs:us-east-1:717174128108:alex-analysis-jobs",
      "type": "string"
    },
    "sqs_queue_url": {
      "value": "https://sqs.us-east-1.amazonaws.com/717174128108/alex-analysis-jobs",
      "type": "string"
    }
  },
  "resources": [
    {
      "mode": "data",
      "type": "archive_file",
      "name": "sqs_orchestrator",
      "provider": "provider[\"registry.terraform.io/hashicorp/archive\"]",
      "instances": [
        {
          "schema_version": 0,
          "attributes": {
            "exclude_symlink_directories": null,
            "excludes": null,
            "id": "c90eb82d00ed599bd51b0ffac3793e903bd895bb",
            "output_base64sha256": "Mh/Z8HQxDwrybfk3z85PrGPcfBw/2cHONQNRrxDj0XM=",
            "output_base64sha512": "V0bO0GPMnFCaWoafYbDoY9lkPkd9VceJzroDA8INTiLp1zKC/fN81dK7m9oIRL4SUJiuji6toNVcV5wf+6IMdw==",
            "output_file_mode": null,
            "output_md5": "4987b51f46b80b0271c8613138f00684",
            "output_path": "./sqs_orchestrator.zip",
            "output_sha": "c90eb82d00ed599bd51b0ffac3793e903bd895bb",
            "output_sha256": "321fd9f074310f0af26df937cfce4fac63dc7c1c3fd9c1ce350351af10e3d173",
            "output_sha512": "5746ced063cc9c509a5a869f61b0e863d9643e477d55c789ceba0303c20d4e22e9d73282fdf37cd5d2bb9bda0844be125098ae8e2eada0d55c579c1ffba20c77",
            "output_size": 1501,
            "source": [],
            "source_content": null,
            "source_content_filename": null,
            "source_dir": null,
            "source_file": "./../../backend/sqs_orchestrator/lambda_handler.py",
            "type": "zip"
          },
          "sensitive_attributes": [],
          "identity_schema_version": 0
        }
      ]
    },
    {
      "mode": "data",
      "type": "aws_caller_identity",
      "name": "current",
      "provider": "provider[\"registry.terraform.io/hashicorp/aws\"]",
      "instances": [
        {
          "schema_version": 0,
          "attributes": {
            "account_id": "717174128108",
            "arn": "arn:aws:iam::717174128108:user/devuser",
            "id": "717174128108",
            "user_id": "AIDA2N6XIXXWCPLLKMEM6"
          },
          "sensitive_attributes": [],
          "identity_schema_version": 0
        }
      ]
    },
    {
      "mode": "managed",
      "type": "aws_cloudwatch_log_group",
      "name": "agent_logs",
      "provider": "provider[\"registry.terraform.io/hashicorp/aws\"]",
      "instances": [
        {
          "index_key": "charter",
          "schema_version": 0,
          "attributes": {
            "arn": "arn:aws:logs:us-east-1:717174128108:log-group:/aws/lambda/alex-charter",
            "id": "/aws/lambda/alex-charter",
            "kms_key_id": "",
            "log_group_class": "STANDARD",
            "name": "/aws/lambda/alex-charter",
            "name_prefix": "",
            "retention_in_days": 7,
            "skip_destroy": false,
            "tags": {
              "Agent": "charter",
              "Part": "6",
              "Project": "alex"
            },
            "tags_all": {
              "Agent": "charter",
              "Part": "6",
              "Project": "alex"
            }
          },
          "sensitive_attributes": [],
          "identity_schema_version": 0,
          "private": "bnVsbA=="
        },
        {
          "index_key": "planner",
          "schema_version": 0,
          "attributes": {
            "arn": "arn:aws:logs:us-east-1:717174128108:log-group:/aws/lambda/alex-planner",
            "id": "/aws/lambda/alex-planner",
            "kms_key_id": "",
            "log_group_class": "STANDARD",
            "name": "/aws/lambda/alex-planner",
            "name_prefix": "",
            "retention_in_days": 7,
            "skip_destroy": false,
            "tags": {
              "Agent": "planner",
              "Part": "6",
              "Project": "alex"
            },
            "tags_all": {
              "Agent": "planner",
              "Part": "6",
              "Project": "alex"
            }
          },
          "sensitive_attributes": [],
          "identity_schema_version": 0,
          "private": "bnVsbA=="
        },
        {
          "index_key": "reporter",
          "schema_version": 0,
          "attributes": {
            "arn": "arn:aws:logs:us-east-1:717174128108:log-group:/aws/lambda/alex-reporter",
            "id": "/aws/lambda/alex-reporter",
            "kms_key_id": "",
            "log_group_class": "STANDARD",
            "name": "/aws/lambda/alex-reporter",
            "name_prefix": "",
            "retention_in_days": 7,
            "skip_destroy": false,
            "tags": {
              "Agent": "reporter",
              "Part": "6",
              "Project": "alex"
            },
            "tags_all": {
              "Agent": "reporter",
              "Part": "6",
              "Project": "alex"
            }
          },
          "sensitive_attributes": [],
          "identity_schema_version": 0,
          "private": "bnVsbA=="
        },
        {
          "index_key": "retirement",
          "schema_version": 0,
          "attributes": {
            "arn": "arn:aws:logs:us-east-1:717174128108:log-group:/aws/lambda/alex-retirement",
            "id": "/aws/lambda/alex-retirement",
            "kms_key_id": "",
            "log_group_class": "STANDARD",
            "name": "/aws/lambda/alex-retirement",
            "name_prefix": "",
            "retention_in_days": 7,
            "skip_destroy": false,
            "tags": {
              "Agent": "retirement",
              "Part": "6",
              "Project": "alex"
            },
            "tags_all": {
              "Agent": "retirement",
              "Part": "6",
              "Project": "alex"
            }
          },
          "sensitive_attributes": [],
          "identity_schema_version": 0,
          "private": "bnVsbA=="
        },
        {
          "index_key": "tagger",
          "schema_version": 0,
          "attributes": {
            "arn": "arn:aws:logs:us-east-1:717174128108:log-group:/aws/lambda/alex-tagger",
            "id": "/aws/lambda/alex-tagger",
            "kms_key_id": "",
            "log_group_class": "STANDARD",
            "name": "/aws/lambda/alex-tagger",
            "name_prefix": "",
            "retention_in_days": 7,
            "skip_destroy": false,
            "tags": {
              "Agent": "tagger",
              "Part": "6",
              "Project": "alex"
            },
            "tags_all": {
              "Agent": "tagger",
              "Part": "6",
              "Project": "alex"
            }
          },
          "sensitive_attributes": [],
          "identity_schema_version": 0,
          "private": "bnVsbA=="
        }
      ]
    },
    {
      "mode": "managed",
      "type": "aws_cloudwatch_log_group",
      "name": "sqs_orchestrator_logs",
      "provider": "provider[\"registry.terraform.io/hashicorp/aws\"]",
      "instances": [
        {
          "schema_version": 0,
          "attributes": {
            "arn": "arn:aws:logs:us-east-1:717174128108:log-group:/aws/lambda/alex-sqs-orchestrator",
            "id": "/aws/lambda/alex-sqs-orchestrator",
            "kms_key_id": "",
            "log_group_class": "STANDARD",
            "name": "/aws/lambda/alex-sqs-orchestrator",
            "name_prefix": "",
            "retention_in_days": 7,
            "skip_destroy": false,
            "tags": {
              "Part": "6",
              "Project": "alex"
            },
            "tags_all": {
              "Part": "6",
              "Project": "alex"
            }
          },
          "sensitive_attributes": [],
          "identity_schema_version": 0,
          "private": "bnVsbA=="
        }
      ]
    },
    {
      "mode": "managed",
      "type": "aws_iam_role",
      "name": "lambda_agents_role",
      "provider": "provider[\"registry.terraform.io/hashicorp/aws\"]",
      "instances": [
        {
          "schema_version": 0,
          "attributes": {
            "arn": "arn:aws:iam::717174128108:role/alex-lambda-agents-role",
            "assume_role_policy": "{\"Statement\":[{\"Action\":\"sts:AssumeRole\",\"Effect\":\"Allow\",\"Principal\":{\"Service\":\"lambda.amazonaws.com\"}}],\"Version\":\"2012-10-17\"}",
            "create_date": "2025-10-22T09:18:15Z",
            "description": "",
            "force_detach_policies": false,
            "id": "alex-lambda-agents-role",
            "inline_policy": [
              {
                "name": "alex-lambda-agents-policy",
                "policy": "{\"Version\":\"2012-10-17\",\"Statement\":[{\"Action\":[\"logs:CreateLogGroup\",\"logs:CreateLogStream\",\"logs:PutLogEvents\"],\"Effect\":\"Allow\",\"Resource\":\"arn:aws:logs:us-east-1:717174128108:*\"},{\"Action\":[\"sqs:ReceiveMessage\",\"sqs:DeleteMessage\",\"sqs:GetQueueAttributes\"],\"Effect\":\"Allow\",\"Resource\":\"arn:aws:sqs:us-east-1:717174128108:alex-analysis-jobs\"},{\"Action\":[\"lambda:InvokeFunction\"],\"Effect\":\"Allow\",\"Resource\":\"arn:aws:lambda:us-east-1:717174128108:function:alex-*\"},{\"Action\":[\"rds-data:ExecuteStatement\",\"rds-data:BatchExecuteStatement\",\"rds-data:BeginTransaction\",\"rds-data:CommitTransaction\",\"rds-data:RollbackTransaction\"],\"Effect\":\"Allow\",\"Resource\":\"*\"},{\"Action\":[\"secretsmanager:GetSecretValue\"],\"Effect\":\"Allow\",\"Resource\":\"*\"},{\"Action\":[\"s3:GetObject\",\"s3:ListBucket\"],\"Effect\":\"Allow\",\"Resource\":[\"arn:aws:s3:::alex-vectors-fotis\",\"arn:aws:s3:::alex-vectors-fotis/*\"]},{\"Action\":[\"s3vectors:QueryVectors\",\"s3vectors:GetVectors\"],\"Effect\":\"Allow\",\"Resource\":\"arn:aws:s3vectors:us-east-1:717174128108:bucket/alex-vectors-fotis/index/*\"},{\"Action\":[\"sagemaker:InvokeEndpoint\"],\"Effect\":\"Allow\",\"Resource\":\"arn:aws:sagemaker:us-east-1:717174128108:endpoint/alex-embedding-endpoint\"},{\"Action\":[\"bedrock:InvokeModel\",\"bedrock:InvokeModelWithResponseStream\"],\"Effect\":\"Allow\",\"Resource\":[\"arn:aws:bedrock:us-west-2::foundation-model/*\",\"arn:aws:bedrock:us-west-2:*:inference-profile/*\"]},{\"Action\":[\"bedrock-agentcore:InvokeAgentRuntime\"],\"Effect\":\"Allow\",\"Resource\":[\"arn:aws:bedrock-agentcore:us-east-1:717174128108:runtime/*\"]},{\"Action\":[\"ssm:GetParameter\",\"ssm:GetParameters\"],\"Effect\":\"Allow\",\"Resource\":[\"arn:aws:ssm:us-east-1:717174128108:parameter/agents/*\"]}]}"
              }
            ],
            "managed_policy_arns": [
              "arn:aws:iam::aws:policy/service-role/AWSLambdaBasicExecutionRole"
            ],
            "max_session_duration": 3600,
            "name": "alex-lambda-agents-role",
            "name_prefix": "",
            "path": "/",
            "permissions_boundary": "",
            "tags": {
              "Part": "6",
              "Project": "alex"
            },
            "tags_all": {
              "Part": "6",
              "Project": "alex"
            },
            "unique_id": "AROA2N6XIXXWHEPNBU3KM"
          },
          "sensitive_attributes": [],
          "identity_schema_version": 0,
          "private": "bnVsbA=="
        }
      ]
    },
    {
      "mode": "managed",
      "type": "aws_iam_role_policy",
      "name": "lambda_agents_policy",
      "provider": "provider[\"registry.terraform.io/hashicorp/aws\"]",
      "instances": [
        {
          "schema_version": 0,
          "attributes": {
            "id": "alex-lambda-agents-role:alex-lambda-agents-policy",
            "name": "alex-lambda-agents-policy",
            "name_prefix": "",
            "policy": "{\"Version\":\"2012-10-17\",\"Statement\":[{\"Action\":[\"logs:CreateLogGroup\",\"logs:CreateLogStream\",\"logs:PutLogEvents\"],\"Effect\":\"Allow\",\"Resource\":\"arn:aws:logs:us-east-1:717174128108:*\"},{\"Action\":[\"sqs:ReceiveMessage\",\"sqs:DeleteMessage\",\"sqs:GetQueueAttributes\"],\"Effect\":\"Allow\",\"Resource\":\"arn:aws:sqs:us-east-1:717174128108:alex-analysis-jobs\"},{\"Action\":[\"lambda:InvokeFunction\"],\"Effect\":\"Allow\",\"Resource\":\"arn:aws:lambda:us-east-1:717174128108:function:alex-*\"},{\"Action\":[\"rds-data:ExecuteStatement\",\"rds-data:BatchExecuteStatement\",\"rds-data:BeginTransaction\",\"rds-data:CommitTransaction\",\"rds-data:RollbackTransaction\"],\"Effect\":\"Allow\",\"Resource\":\"*\"},{\"Action\":[\"secretsmanager:GetSecretValue\"],\"Effect\":\"Allow\",\"Resource\":\"*\"},{\"Action\":[\"s3:GetObject\",\"s3:ListBucket\"],\"Effect\":\"Allow\",\"Resource\":[\"arn:aws:s3:::alex-vectors-fotis\",\"arn:aws:s3:::alex-vectors-fotis/*\"]},{\"Action\":[\"s3vectors:QueryVectors\",\"s3vectors:GetVectors\"],\"Effect\":\"Allow\",\"Resource\":\"arn:aws:s3vectors:us-east-1:717174128108:bucket/alex-vectors-fotis/index/*\"},{\"Action\":[\"sagemaker:InvokeEndpoint\"],\"Effect\":\"Allow\",\"Resource\":\"arn:aws:sagemaker:us-east-1:717174128108:endpoint/alex-embedding-endpoint\"},{\"Action\":[\"bedrock:InvokeModel\",\"bedrock:InvokeModelWithResponseStream\"],\"Effect\":\"Allow\",\"Resource\":[\"arn:aws:bedrock:us-west-2::foundation-model/*\",\"arn:aws:bedrock:us-west-2:*:inference-profile/*\"]},{\"Action\":[\"bedrock-agentcore:InvokeAgentRuntime\"],\"Effect\":\"Allow\",\"Resource\":[\"arn:aws:bedrock-agentcore:us-east-1:717174128108:runtime/*\"]},{\"Action\":[\"ssm:GetParameter\",\"ssm:GetParameters\"],\"Effect\":\"Allow\",\"Resource\":[\"arn:aws:ssm:us-east-1:717174128108:parameter/agents/*\"]}]}",
            "role": "alex-lambda-agents-role"
          },
          "sensitive_attributes": [],
          "identity_schema_version": 0,
          "private": "bnVsbA==",
          "dependencies": [
            "aws_iam_role.lambda_agents_role",
            "aws_sqs_queue.analysis_jobs",
            "aws_sqs_queue.analysis_jobs_dlq",
            "data.aws_caller_identity.current"
          ]
        }
      ]
    },
    {
      "mode": "managed",
      "type": "aws_iam_role_policy_attachment",
      "name": "lambda_agents_basic",
      "provider": "provider[\"registry.terraform.io/hashicorp/aws\"]",
      "instances": [
        {
          "schema_version": 0,
          "attributes": {
            "id": "alex-lambda-agents-role-20251022091816349000000001",
            "policy_arn": "arn:aws:iam::aws:policy/service-role/AWSLambdaBasicExecutionRole",
            "role": "alex-lambda-agents-role"
          },
          "sensitive_attributes": [],
          "identity_schema_version": 0,
          "private": "bnVsbA==",
          "dependencies": [
            "aws_iam_role.lambda_agents_role"
          ]
        }
      ]
    },
    {
      "mode": "managed",
      "type": "aws_lambda_event_source_mapping",
      "name": "sqs_orchestrator",
      "provider": "provider[\"registry.terraform.io/hashicorp/aws\"]",
      "instances": [
        {
          "schema_version": 0,
          "attributes": {
            "amazon_managed_kafka_event_source_config": [],
            "arn": "arn:aws:lambda:us-east-1:717174128108:event-source-mapping:f96a2111-e0c3-4a2e-8b36-58c18abdf163",
            "batch_size": 1,
            "bisect_batch_on_function_error": false,
            "destination_config": [],
            "document_db_event_source_config": [],
            "enabled": true,
            "event_source_arn": "arn:aws:sqs:us-east-1:717174128108:alex-analysis-jobs",
            "filter_criteria": [],
            "function_arn": "arn:aws:lambda:us-east-1:717174128108:function:alex-sqs-orchestrator",
            "function_name": "arn:aws:lambda:us-east-1:717174128108:function:alex-sqs-orchestrator",
            "function_response_types": [],
            "id": "f96a2111-e0c3-4a2e-8b36-58c18abdf163",
            "kms_key_arn": "",
            "last_modified": "2025-10-22T09:19:17Z",
            "last_processing_result": "",
            "maximum_batching_window_in_seconds": 0,
            "maximum_record_age_in_seconds": 0,
            "maximum_retry_attempts": 0,
            "metrics_config": [],
            "parallelization_factor": 0,
            "provisioned_poller_config": [],
            "queues": [],
            "scaling_config": [],
            "self_managed_event_source": [],
            "self_managed_kafka_event_source_config": [],
            "source_access_configuration": [],
            "starting_position": "",
            "starting_position_timestamp": "",
            "state": "Enabled",
            "state_transition_reason": "USER_INITIATED",
            "tags": {},
            "tags_all": {},
            "topics": [],
            "tumbling_window_in_seconds": 0,
            "uuid": "f96a2111-e0c3-4a2e-8b36-58c18abdf163"
          },
          "sensitive_attributes": [],
          "identity_schema_version": 0,
          "private": "bnVsbA==",
          "dependencies": [
            "aws_iam_role.lambda_agents_role",
            "aws_lambda_function.sqs_orchestrator",
            "aws_sqs_queue.analysis_jobs",
            "aws_sqs_queue.analysis_jobs_dlq",
            "data.archive_file.sqs_orchestrator"
          ]
        }
      ]
    },
    {
      "mode": "managed",
      "type": "aws_lambda_function",
      "name": "sqs_orchestrator",
      "provider": "provider[\"registry.terraform.io/hashicorp/aws\"]",
      "instances": [
        {
          "schema_version": 0,
          "attributes": {
            "architectures": [
              "x86_64"
            ],
            "arn": "arn:aws:lambda:us-east-1:717174128108:function:alex-sqs-orchestrator",
            "code_sha256": "Mh/Z8HQxDwrybfk3z85PrGPcfBw/2cHONQNRrxDj0XM=",
            "code_signing_config_arn": "",
            "dead_letter_config": [],
            "description": "",
            "environment": [
              {
                "variables": {
                  "DEFAULT_AWS_REGION": "us-east-1"
                }
              }
            ],
            "ephemeral_storage": [
              {
                "size": 512
              }
            ],
            "file_system_config": [],
            "filename": "./sqs_orchestrator.zip",
            "function_name": "alex-sqs-orchestrator",
            "handler": "lambda_handler.lambda_handler",
            "id": "alex-sqs-orchestrator",
            "image_config": [],
            "image_uri": "",
            "invoke_arn": "arn:aws:apigateway:us-east-1:lambda:path/2015-03-31/functions/arn:aws:lambda:us-east-1:717174128108:function:alex-sqs-orchestrator/invocations",
            "kms_key_arn": "",
            "last_modified": "2025-10-22T09:33:34.000+0000",
            "layers": [],
            "logging_config": [
              {
                "application_log_level": "",
                "log_format": "Text",
                "log_group": "/aws/lambda/alex-sqs-orchestrator",
                "system_log_level": ""
              }
            ],
            "memory_size": 256,
            "package_type": "Zip",
            "publish": false,
            "qualified_arn": "arn:aws:lambda:us-east-1:717174128108:function:alex-sqs-orchestrator:$LATEST",
            "qualified_invoke_arn": "arn:aws:apigateway:us-east-1:lambda:path/2015-03-31/functions/arn:aws:lambda:us-east-1:717174128108:function:alex-sqs-orchestrator:$LATEST/invocations",
            "replace_security_groups_on_destroy": null,
            "replacement_security_group_ids": null,
            "reserved_concurrent_executions": -1,
            "role": "arn:aws:iam::717174128108:role/alex-lambda-agents-role",
            "runtime": "python3.12",
            "s3_bucket": null,
            "s3_key": null,
            "s3_object_version": null,
            "signing_job_arn": "",
            "signing_profile_version_arn": "",
            "skip_destroy": false,
            "snap_start": [],
            "source_code_hash": "Mh/Z8HQxDwrybfk3z85PrGPcfBw/2cHONQNRrxDj0XM=",
            "source_code_size": 1501,
            "tags": {
              "Part": "6",
              "Project": "alex",
              "Purpose": "sqs-agentcore-bridge"
            },
            "tags_all": {
              "Part": "6",
              "Project": "alex",
              "Purpose": "sqs-agentcore-bridge"
            },
            "timeout": 60,
            "timeouts": null,
            "tracing_config": [
              {
                "mode": "PassThrough"
              }
            ],
            "version": "$LATEST",
            "vpc_config": []
          },
          "sensitive_attributes": [],
          "identity_schema_version": 0,
          "private": "eyJlMmJmYjczMC1lY2FhLTExZTYtOGY4OC0zNDM2M2JjN2M0YzAiOnsiY3JlYXRlIjo2MDAwMDAwMDAwMDAsImRlbGV0ZSI6NjAwMDAwMDAwMDAwLCJ1cGRhdGUiOjYwMDAwMDAwMDAwMH19",
          "dependencies": [
            "aws_iam_role.lambda_agents_role",
            "data.archive_file.sqs_orchestrator"
          ]
        }
      ]
    },
    {
      "mode": "managed",
      "type": "aws_sqs_queue",
      "name": "analysis_jobs",
      "provider": "provider[\"registry.terraform.io/hashicorp/aws\"]",
      "instances": [
        {
          "schema_version": 0,
          "attributes": {
            "arn": "arn:aws:sqs:us-east-1:717174128108:alex-analysis-jobs",
            "content_based_deduplication": false,
            "deduplication_scope": "",
            "delay_seconds": 0,
            "fifo_queue": false,
            "fifo_throughput_limit": "",
            "id": "https://sqs.us-east-1.amazonaws.com/717174128108/alex-analysis-jobs",
            "kms_data_key_reuse_period_seconds": 300,
            "kms_master_key_id": "",
            "max_message_size": 262144,
            "message_retention_seconds": 86400,
            "name": "alex-analysis-jobs",
            "name_prefix": "",
            "policy": "",
            "receive_wait_time_seconds": 10,
            "redrive_allow_policy": "",
            "redrive_policy": "{\"deadLetterTargetArn\":\"arn:aws:sqs:us-east-1:717174128108:alex-analysis-jobs-dlq\",\"maxReceiveCount\":3}",
            "sqs_managed_sse_enabled": true,
            "tags": {
              "Part": "6",
              "Project": "alex"
            },
            "tags_all": {
              "Part": "6",
              "Project": "alex"
            },
            "timeouts": null,
            "url": "https://sqs.us-east-1.amazonaws.com/717174128108/alex-analysis-jobs",
            "visibility_timeout_seconds": 910
          },
          "sensitive_attributes": [],
          "identity_schema_version": 0,
          "private": "eyJlMmJmYjczMC1lY2FhLTExZTYtOGY4OC0zNDM2M2JjN2M0YzAiOnsiY3JlYXRlIjoxODAwMDAwMDAwMDAsImRlbGV0ZSI6MTgwMDAwMDAwMDAwLCJ1cGRhdGUiOjE4MDAwMDAwMDAwMH19",
          "dependencies": [
            "aws_sqs_queue.analysis_jobs_dlq"
          ]
        }
      ]
    },
    {
      "mode": "managed",
      "type": "aws_sqs_queue",
      "name": "analysis_jobs_dlq",
      "provider": "provider[\"registry.terraform.io/hashicorp/aws\"]",
      "instances": [
        {
          "schema_version": 0,
          "attributes": {
            "arn": "arn:aws:sqs:us-east-1:717174128108:alex-analysis-jobs-dlq",
            "content_based_deduplication": false,
            "deduplication_scope": "",
            "delay_seconds": 0,
            "fifo_queue": false,
            "fifo_throughput_limit": "",
            "id": "https://sqs.us-east-1.amazonaws.com/717174128108/alex-analysis-jobs-dlq",
            "kms_data_key_reuse_period_seconds": 300,
            "kms_master_key_id": "",
            "max_message_size": 262144,
            "message_retention_seconds": 345600,
            "name": "alex-analysis-jobs-dlq",
            "name_prefix": "",
            "policy": "",
            "receive_wait_time_seconds": 0,
            "redrive_allow_policy": "",
            "redrive_policy": "",
            "sqs_managed_sse_enabled": true,
            "tags": {
              "Part": "6",
              "Project": "alex"
            },
            "tags_all": {
              "Part": "6",
              "Project": "alex"
            },
            "timeouts": null,
            "url": "https://sqs.us-east-1.amazonaws.com/717174128108/alex-analysis-jobs-dlq",
            "visibility_timeout_seconds": 30
          },
          "sensitive_attributes": [],
          "identity_schema_version": 0,
          "private": "eyJlMmJmYjczMC1lY2FhLTExZTYtOGY4OC0zNDM2M2JjN2M0YzAiOnsiY3JlYXRlIjoxODAwMDAwMDAwMDAsImRlbGV0ZSI6MTgwMDAwMDAwMDAwLCJ1cGRhdGUiOjE4MDAwMDAwMDAwMH19"
        }
      ]
    },
    {
      "mode": "managed",
      "type": "null_resource",
      "name": "deploy_agents",
      "provider": "provider[\"registry.terraform.io/hashicorp/null\"]",
      "instances": [
        {
          "index_key": "charter",
          "status": "tainted",
          "schema_version": 0,
          "attributes": {
            "id": "5466514681485476922",
            "triggers": {
              "agent_file_hash": "bf413e1a2e7d5ebb356db98c2c6029fb",
              "deploy_script_hash": "3d7c14473325d409babfae844c8f0c5e",
              "pyproject_hash": "7070cb702389a8fbfe8641bfc3dc311a"
            }
          },
          "sensitive_attributes": [],
          "identity_schema_version": 0,
          "dependencies": [
            "aws_iam_role.lambda_agents_role"
          ]
        },
        {
          "index_key": "planner",
          "status": "tainted",
          "schema_version": 0,
          "attributes": {
            "id": "4035487430818028683",
            "triggers": {
              "agent_file_hash": "acd8997ffc993f49b13a7b67c48d23ae",
              "deploy_script_hash": "3d7c14473325d409babfae844c8f0c5e",
              "pyproject_hash": "e4a1990485cc4b8d31018866923c923e"
            }
          },
          "sensitive_attributes": [],
          "identity_schema_version": 0,
          "dependencies": [
            "aws_iam_role.lambda_agents_role"
          ]
        },
        {
          "index_key": "reporter",
          "status": "tainted",
          "schema_version": 0,
          "attributes": {
            "id": "6144612000780848754",
            "triggers": {
              "agent_file_hash": "41fb90526a1fc9a76bd6b4fc14b92a91",
              "deploy_script_hash": "3d7c14473325d409babfae844c8f0c5e",
              "pyproject_hash": "c52594f35e4e4da542b988b7ec1f20ef"
            }
          },
          "sensitive_attributes": [],
          "identity_schema_version": 0,
          "dependencies": [
            "aws_iam_role.lambda_agents_role"
          ]
        },
        {
          "index_key": "retirement",
          "status": "tainted",
          "schema_version": 0,
          "attributes": {
            "id": "7172864375230612698",
            "triggers": {
              "agent_file_hash": "c47537ef537f7a9e5f2f57ac5f3f4bf2",
              "deploy_script_hash": "3d7c14473325d409babfae844c8f0c5e",
              "pyproject_hash": "f87b0bda3687d5be20f546121a673e8b"
            }
          },
          "sensitive_attributes": [],
          "identity_schema_version": 0,
          "dependencies": [
            "aws_iam_role.lambda_agents_role"
          ]
        },
        {
          "index_key": "tagger",
          "schema_version": 0,
          "attributes": {
            "id": "3632192841623292514",
            "triggers": {
              "agent_file_hash": "4c1d43c3f174320f5867874697ea9ecc",
              "deploy_script_hash": "3d7c14473325d409babfae844c8f0c5e",
              "pyproject_hash": "0e171c0360542720c4d0abf48371b0b9"
            }
          },
          "sensitive_attributes": [],
          "identity_schema_version": 0,
          "dependencies": [
            "aws_iam_role.lambda_agents_role"
          ]
        }
      ]
    }
  ],
  "check_results": null
}
